{
  "R": {
    "Version": "4.5.2",
    "Repositories": [
      {
        "Name": "CRAN",
        "URL": "https://cloud.r-project.org"
      }
    ]
  },
  "Packages": {
    "mada": {
      "Package": "mada",
      "Version": "0.5.12",
      "Source": "Repository",
      "Repository": "CRAN"
    },
    "metafor": {
      "Package": "metafor",
      "Version": "4.8.0",
      "Source": "Repository",
      "Repository": "CRAN"
    },
    "mvmeta": {
      "Package": "mvmeta",
      "Version": "1.0.3",
      "Source": "Repository",
      "Repository": "CRAN"
    },
    "jsonlite": {
      "Package": "jsonlite",
      "Version": "1.8.9",
      "Source": "Repository",
      "Repository": "CRAN"
    }
  }
}
